
Microsoft Visual Studio Solution File, Format Version 12.00
# Visual Studio 15
VisualStudioVersion = 15.0.27703.2042
MinimumVisualStudioVersion = 10.0.40219.1
Project("{FAE04EC0-301F-11D3-BF4B-00C04F79EFBC}") = "Serialization", "Serialization\Serialization.csproj", "{3BF40DE4-468B-46A8-A5A3-CF33884EA4FB}"
EndProject
Project("{FAE04EC0-301F-11D3-BF4B-00C04F79EFBC}") = "Worm", "..\..\..\Documents\Worm\Worm.csproj", "{3649FB47-5208-9B2F-BBD8-0D8B67C004EB}"
EndProject
Global
	GlobalSection(SolutionConfigurationPlatforms) = preSolution
		Debug|Any CPU = Debug|Any CPU
		Release|Any CPU = Release|Any CPU
	EndGlobalSection
	GlobalSection(ProjectConfigurationPlatforms) = postSolution
		{3BF40DE4-468B-46A8-A5A3-CF33884EA4FB}.Debug|Any CPU.ActiveCfg = Debug|Any CPU
		{3BF40DE4-468B-46A8-A5A3-CF33884EA4FB}.Debug|Any CPU.Build.0 = Debug|Any CPU
		{3BF40DE4-468B-46A8-A5A3-CF33884EA4FB}.Release|Any CPU.ActiveCfg = Release|Any CPU
		{3BF40DE4-468B-46A8-A5A3-CF33884EA4FB}.Release|Any CPU.Build.0 = Release|Any CPU
		{3649FB47-5208-9B2F-BBD8-0D8B67C004EB}.Debug|Any CPU.ActiveCfg = Debug|Any CPU
		{3649FB47-5208-9B2F-BBD8-0D8B67C004EB}.Debug|Any CPU.Build.0 = Debug|Any CPU
		{3649FB47-5208-9B2F-BBD8-0D8B67C004EB}.Release|Any CPU.ActiveCfg = Release|Any CPU
		{3649FB47-5208-9B2F-BBD8-0D8B67C004EB}.Release|Any CPU.Build.0 = Release|Any CPU
	EndGlobalSection
	GlobalSection(SolutionProperties) = preSolution
		HideSolutionNode = FALSE
	EndGlobalSection
	GlobalSection(ExtensibilityGlobals) = postSolution
		SolutionGuid = {D2EA10DF-6413-4D8E-A946-391478786D53}
	EndGlobalSection
EndGlobal
